
Microsoft Visual Studio Solution File, Format Version 12.00
# Visual Studio Version 16
VisualStudioVersion = 16.0.31829.152
MinimumVisualStudioVersion = 10.0.40219.1
Project("{FAE04EC0-301F-11D3-BF4B-00C04F79EFBC}") = "ZadachaWPF19.1", "ZadachaWPF19.1\ZadachaWPF19.1.csproj", "{1DCB85AD-6C32-45C8-B555-19394D9A5294}"
EndProject
Global
	GlobalSection(SolutionConfigurationPlatforms) = preSolution
		Debug|Any CPU = Debug|Any CPU
		Release|Any CPU = Release|Any CPU
	EndGlobalSection
	GlobalSection(ProjectConfigurationPlatforms) = postSolution
		{1DCB85AD-6C32-45C8-B555-19394D9A5294}.Debug|Any CPU.ActiveCfg = Debug|Any CPU
		{1DCB85AD-6C32-45C8-B555-19394D9A5294}.Debug|Any CPU.Build.0 = Debug|Any CPU
		{1DCB85AD-6C32-45C8-B555-19394D9A5294}.Release|Any CPU.ActiveCfg = Release|Any CPU
		{1DCB85AD-6C32-45C8-B555-19394D9A5294}.Release|Any CPU.Build.0 = Release|Any CPU
	EndGlobalSection
	GlobalSection(SolutionProperties) = preSolution
		HideSolutionNode = FALSE
	EndGlobalSection
	GlobalSection(ExtensibilityGlobals) = postSolution
		SolutionGuid = {83F48906-22B9-4EC5-8F5F-BA5527527E53}
	EndGlobalSection
EndGlobal
